
Microsoft Visual Studio Solution File, Format Version 12.00
# Visual Studio Version 17
VisualStudioVersion = 17.3.32929.385
MinimumVisualStudioVersion = 10.0.40219.1
Project("{FAE04EC0-301F-11D3-BF4B-00C04F79EFBC}") = "CameraExperiments", "CameraExperiments\CameraExperiments.csproj", "{728BEDCE-34E6-47C1-8246-21023E7716CB}"
EndProject
Global
	GlobalSection(SolutionConfigurationPlatforms) = preSolution
		Debug|Any CPU = Debug|Any CPU
		Release|Any CPU = Release|Any CPU
	EndGlobalSection
	GlobalSection(ProjectConfigurationPlatforms) = postSolution
		{728BEDCE-34E6-47C1-8246-21023E7716CB}.Debug|Any CPU.ActiveCfg = Debug|Any CPU
		{728BEDCE-34E6-47C1-8246-21023E7716CB}.Debug|Any CPU.Build.0 = Debug|Any CPU
		{728BEDCE-34E6-47C1-8246-21023E7716CB}.Release|Any CPU.ActiveCfg = Release|Any CPU
		{728BEDCE-34E6-47C1-8246-21023E7716CB}.Release|Any CPU.Build.0 = Release|Any CPU
	EndGlobalSection
	GlobalSection(SolutionProperties) = preSolution
		HideSolutionNode = FALSE
	EndGlobalSection
	GlobalSection(ExtensibilityGlobals) = postSolution
		SolutionGuid = {5335751A-8D78-4EE0-98FD-F527680CF444}
	EndGlobalSection
EndGlobal
